
Microsoft Visual Studio Solution File, Format Version 12.00
# Visual Studio 2012
Project("{FAE04EC0-301F-11D3-BF4B-00C04F79EFBC}") = "SelfHostedCreditCardService", "service\SelfHostedCreditCardService.csproj", "{66C5F965-7C66-479A-9960-A3CA6080A71B}"
EndProject
Project("{FAE04EC0-301F-11D3-BF4B-00C04F79EFBC}") = "MerchantBank", "MerchantBank\MerchantBank.csproj", "{3FCAA410-6DFD-4063-865A-0D7477BCC668}"
EndProject
Project("{FAE04EC0-301F-11D3-BF4B-00C04F79EFBC}") = "CreditCardServiceStarter", "CreditCardServiceStarter\CreditCardServiceStarter.csproj", "{FE6874E9-603E-4C07-B0A0-DE6960D29D45}"
EndProject
Project("{FAE04EC0-301F-11D3-BF4B-00C04F79EFBC}") = "IISHostedCreditCardService", "IISHostedCreditCardService\IISHostedCreditCardService.csproj", "{D50BB72C-B3C6-4D19-999D-252DCA9470B9}"
EndProject
Project("{FAE04EC0-301F-11D3-BF4B-00C04F79EFBC}") = "VideoRentalService", "VideoRentalService\VideoRentalService.csproj", "{8E07A261-90F5-468D-A338-9310925FFA18}"
	ProjectSection(ProjectDependencies) = postProject
		{D50BB72C-B3C6-4D19-999D-252DCA9470B9} = {D50BB72C-B3C6-4D19-999D-252DCA9470B9}
	EndProjectSection
EndProject
Project("{FAE04EC0-301F-11D3-BF4B-00C04F79EFBC}") = "ServiceHarness", "ServiceHarness\ServiceHarness.csproj", "{4034669B-89A4-4E5D-BD00-59B7D1C4D232}"
	ProjectSection(ProjectDependencies) = postProject
		{8E07A261-90F5-468D-A338-9310925FFA18} = {8E07A261-90F5-468D-A338-9310925FFA18}
		{F8896AFB-6140-4B3F-8351-8B1DB234E904} = {F8896AFB-6140-4B3F-8351-8B1DB234E904}
	EndProjectSection
EndProject
Project("{FAE04EC0-301F-11D3-BF4B-00C04F79EFBC}") = "RefundService", "RefundService\RefundService.csproj", "{F8896AFB-6140-4B3F-8351-8B1DB234E904}"
EndProject
Project("{6141683F-8A12-4E36-9623-2EB02B2C2303}") = "AppDMoviesWebServicesSetup", "WebServicesSetup\AppDMoviesWebServicesSetup.isproj", "{E0783F01-3D81-4967-8F6E-CA1BD29DEF3A}"
	ProjectSection(ProjectDependencies) = postProject
		{8E07A261-90F5-468D-A338-9310925FFA18} = {8E07A261-90F5-468D-A338-9310925FFA18}
	EndProjectSection
EndProject
Project("{6141683F-8A12-4E36-9623-2EB02B2C2303}") = "RefundServiceSetup", "RefundServiceSetup\RefundServiceSetup.isproj", "{8312F73A-15CA-4689-A6F9-948F424D8EA7}"
	ProjectSection(ProjectDependencies) = postProject
		{F8896AFB-6140-4B3F-8351-8B1DB234E904} = {F8896AFB-6140-4B3F-8351-8B1DB234E904}
	EndProjectSection
EndProject
Project("{FAE04EC0-301F-11D3-BF4B-00C04F79EFBC}") = "SimulationCheck", "SimulationCheck\SimulationCheck.csproj", "{0C13CC93-429D-4E8E-A1F3-23A6F23EA28D}"
EndProject
Project("{FAE04EC0-301F-11D3-BF4B-00C04F79EFBC}") = "SimulationManager", "SimulationManager\SimulationManager.csproj", "{38D31B4C-3C82-4825-8073-60703A054DA7}"
EndProject
Project("{FAE04EC0-301F-11D3-BF4B-00C04F79EFBC}") = "CreditCardServiceConsumer", "CreditCardServiceConsumerDaemon\CreditCardServiceConsumer.csproj", "{3B056EB7-73B0-4593-84CD-16BB1F4973E1}"
EndProject
Project("{FAE04EC0-301F-11D3-BF4B-00C04F79EFBC}") = "DesktopConsumeCreditCardService", "DesktopConsumeCreditCardService\DesktopConsumeCreditCardService.csproj", "{CE1D50A0-9567-4F7B-A6A2-29041B8EA0B1}"
EndProject
Project("{FAE04EC0-301F-11D3-BF4B-00C04F79EFBC}") = "CreditCardUtility", "CreditCardUtility\CreditCardUtility.csproj", "{34ECA8DC-9F1E-4BF2-9446-041BAFC9C878}"
EndProject
Project("{6141683F-8A12-4E36-9623-2EB02B2C2303}") = "MerchantCreditCardServiceSetup", "MerchantCreditCardServiceSetup\MerchantCreditCardServiceSetup.isproj", "{F255C183-CAF3-4F50-8355-891E19333691}"
EndProject
Project("{6141683F-8A12-4E36-9623-2EB02B2C2303}") = "PeriodicCCConsumerSetup", "PeriodicCCConsumerSetup\PeriodicCCConsumerSetup.isproj", "{676FB8DF-6C51-466C-9E61-84CD8A4A4FE7}"
	ProjectSection(ProjectDependencies) = postProject
		{3B056EB7-73B0-4593-84CD-16BB1F4973E1} = {3B056EB7-73B0-4593-84CD-16BB1F4973E1}
		{DF9DDFC2-EE83-4EAF-A18B-511BC38C1997} = {DF9DDFC2-EE83-4EAF-A18B-511BC38C1997}
	EndProjectSection
EndProject
Project("{FAE04EC0-301F-11D3-BF4B-00C04F79EFBC}") = "PeriodicCreditCardConsumerStarter", "PeridocCreditCardConsumerStarter\PeriodicCreditCardConsumerStarter.csproj", "{DF9DDFC2-EE83-4EAF-A18B-511BC38C1997}"
EndProject
Global
	GlobalSection(SolutionConfigurationPlatforms) = preSolution
		CD_ROM|Any CPU = CD_ROM|Any CPU
		CD_ROM|Mixed Platforms = CD_ROM|Mixed Platforms
		CD_ROM|x86 = CD_ROM|x86
		Debug|Any CPU = Debug|Any CPU
		Debug|Mixed Platforms = Debug|Mixed Platforms
		Debug|x86 = Debug|x86
		DVD-5|Any CPU = DVD-5|Any CPU
		DVD-5|Mixed Platforms = DVD-5|Mixed Platforms
		DVD-5|x86 = DVD-5|x86
		Release|Any CPU = Release|Any CPU
		Release|Mixed Platforms = Release|Mixed Platforms
		Release|x86 = Release|x86
		SingleImage|Any CPU = SingleImage|Any CPU
		SingleImage|Mixed Platforms = SingleImage|Mixed Platforms
		SingleImage|x86 = SingleImage|x86
	EndGlobalSection
	GlobalSection(ProjectConfigurationPlatforms) = postSolution
		{66C5F965-7C66-479A-9960-A3CA6080A71B}.CD_ROM|Any CPU.ActiveCfg = Release|Any CPU
		{66C5F965-7C66-479A-9960-A3CA6080A71B}.CD_ROM|Any CPU.Build.0 = Release|Any CPU
		{66C5F965-7C66-479A-9960-A3CA6080A71B}.CD_ROM|Mixed Platforms.ActiveCfg = Release|Any CPU
		{66C5F965-7C66-479A-9960-A3CA6080A71B}.CD_ROM|Mixed Platforms.Build.0 = Release|Any CPU
		{66C5F965-7C66-479A-9960-A3CA6080A71B}.CD_ROM|x86.ActiveCfg = Release|Any CPU
		{66C5F965-7C66-479A-9960-A3CA6080A71B}.Debug|Any CPU.ActiveCfg = Debug|Any CPU
		{66C5F965-7C66-479A-9960-A3CA6080A71B}.Debug|Any CPU.Build.0 = Debug|Any CPU
		{66C5F965-7C66-479A-9960-A3CA6080A71B}.Debug|Mixed Platforms.ActiveCfg = Debug|Any CPU
		{66C5F965-7C66-479A-9960-A3CA6080A71B}.Debug|Mixed Platforms.Build.0 = Debug|Any CPU
		{66C5F965-7C66-479A-9960-A3CA6080A71B}.Debug|x86.ActiveCfg = Debug|Any CPU
		{66C5F965-7C66-479A-9960-A3CA6080A71B}.DVD-5|Any CPU.ActiveCfg = Debug|Any CPU
		{66C5F965-7C66-479A-9960-A3CA6080A71B}.DVD-5|Any CPU.Build.0 = Debug|Any CPU
		{66C5F965-7C66-479A-9960-A3CA6080A71B}.DVD-5|Mixed Platforms.ActiveCfg = Debug|Any CPU
		{66C5F965-7C66-479A-9960-A3CA6080A71B}.DVD-5|Mixed Platforms.Build.0 = Debug|Any CPU
		{66C5F965-7C66-479A-9960-A3CA6080A71B}.DVD-5|x86.ActiveCfg = Debug|Any CPU
		{66C5F965-7C66-479A-9960-A3CA6080A71B}.Release|Any CPU.ActiveCfg = Release|Any CPU
		{66C5F965-7C66-479A-9960-A3CA6080A71B}.Release|Any CPU.Build.0 = Release|Any CPU
		{66C5F965-7C66-479A-9960-A3CA6080A71B}.Release|Mixed Platforms.ActiveCfg = Release|Any CPU
		{66C5F965-7C66-479A-9960-A3CA6080A71B}.Release|Mixed Platforms.Build.0 = Release|Any CPU
		{66C5F965-7C66-479A-9960-A3CA6080A71B}.Release|x86.ActiveCfg = Release|Any CPU
		{66C5F965-7C66-479A-9960-A3CA6080A71B}.SingleImage|Any CPU.ActiveCfg = Release|Any CPU
		{66C5F965-7C66-479A-9960-A3CA6080A71B}.SingleImage|Any CPU.Build.0 = Release|Any CPU
		{66C5F965-7C66-479A-9960-A3CA6080A71B}.SingleImage|Mixed Platforms.ActiveCfg = Release|Any CPU
		{66C5F965-7C66-479A-9960-A3CA6080A71B}.SingleImage|Mixed Platforms.Build.0 = Release|Any CPU
		{66C5F965-7C66-479A-9960-A3CA6080A71B}.SingleImage|x86.ActiveCfg = Release|Any CPU
		{3FCAA410-6DFD-4063-865A-0D7477BCC668}.CD_ROM|Any CPU.ActiveCfg = Release|Any CPU
		{3FCAA410-6DFD-4063-865A-0D7477BCC668}.CD_ROM|Any CPU.Build.0 = Release|Any CPU
		{3FCAA410-6DFD-4063-865A-0D7477BCC668}.CD_ROM|Mixed Platforms.ActiveCfg = Release|Any CPU
		{3FCAA410-6DFD-4063-865A-0D7477BCC668}.CD_ROM|Mixed Platforms.Build.0 = Release|Any CPU
		{3FCAA410-6DFD-4063-865A-0D7477BCC668}.CD_ROM|x86.ActiveCfg = Release|Any CPU
		{3FCAA410-6DFD-4063-865A-0D7477BCC668}.Debug|Any CPU.ActiveCfg = Debug|Any CPU
		{3FCAA410-6DFD-4063-865A-0D7477BCC668}.Debug|Any CPU.Build.0 = Debug|Any CPU
		{3FCAA410-6DFD-4063-865A-0D7477BCC668}.Debug|Mixed Platforms.ActiveCfg = Debug|Any CPU
		{3FCAA410-6DFD-4063-865A-0D7477BCC668}.Debug|Mixed Platforms.Build.0 = Debug|Any CPU
		{3FCAA410-6DFD-4063-865A-0D7477BCC668}.Debug|x86.ActiveCfg = Debug|Any CPU
		{3FCAA410-6DFD-4063-865A-0D7477BCC668}.DVD-5|Any CPU.ActiveCfg = Debug|Any CPU
		{3FCAA410-6DFD-4063-865A-0D7477BCC668}.DVD-5|Any CPU.Build.0 = Debug|Any CPU
		{3FCAA410-6DFD-4063-865A-0D7477BCC668}.DVD-5|Mixed Platforms.ActiveCfg = Debug|Any CPU
		{3FCAA410-6DFD-4063-865A-0D7477BCC668}.DVD-5|Mixed Platforms.Build.0 = Debug|Any CPU
		{3FCAA410-6DFD-4063-865A-0D7477BCC668}.DVD-5|x86.ActiveCfg = Debug|Any CPU
		{3FCAA410-6DFD-4063-865A-0D7477BCC668}.Release|Any CPU.ActiveCfg = Release|Any CPU
		{3FCAA410-6DFD-4063-865A-0D7477BCC668}.Release|Any CPU.Build.0 = Release|Any CPU
		{3FCAA410-6DFD-4063-865A-0D7477BCC668}.Release|Mixed Platforms.ActiveCfg = Release|Any CPU
		{3FCAA410-6DFD-4063-865A-0D7477BCC668}.Release|Mixed Platforms.Build.0 = Release|Any CPU
		{3FCAA410-6DFD-4063-865A-0D7477BCC668}.Release|x86.ActiveCfg = Release|Any CPU
		{3FCAA410-6DFD-4063-865A-0D7477BCC668}.SingleImage|Any CPU.ActiveCfg = Release|Any CPU
		{3FCAA410-6DFD-4063-865A-0D7477BCC668}.SingleImage|Any CPU.Build.0 = Release|Any CPU
		{3FCAA410-6DFD-4063-865A-0D7477BCC668}.SingleImage|Mixed Platforms.ActiveCfg = Release|Any CPU
		{3FCAA410-6DFD-4063-865A-0D7477BCC668}.SingleImage|Mixed Platforms.Build.0 = Release|Any CPU
		{3FCAA410-6DFD-4063-865A-0D7477BCC668}.SingleImage|x86.ActiveCfg = Release|Any CPU
		{FE6874E9-603E-4C07-B0A0-DE6960D29D45}.CD_ROM|Any CPU.ActiveCfg = Release|x86
		{FE6874E9-603E-4C07-B0A0-DE6960D29D45}.CD_ROM|Mixed Platforms.ActiveCfg = Release|x86
		{FE6874E9-603E-4C07-B0A0-DE6960D29D45}.CD_ROM|Mixed Platforms.Build.0 = Release|x86
		{FE6874E9-603E-4C07-B0A0-DE6960D29D45}.CD_ROM|x86.ActiveCfg = Release|x86
		{FE6874E9-603E-4C07-B0A0-DE6960D29D45}.CD_ROM|x86.Build.0 = Release|x86
		{FE6874E9-603E-4C07-B0A0-DE6960D29D45}.Debug|Any CPU.ActiveCfg = Debug|x86
		{FE6874E9-603E-4C07-B0A0-DE6960D29D45}.Debug|Mixed Platforms.ActiveCfg = Debug|x86
		{FE6874E9-603E-4C07-B0A0-DE6960D29D45}.Debug|Mixed Platforms.Build.0 = Debug|x86
		{FE6874E9-603E-4C07-B0A0-DE6960D29D45}.Debug|x86.ActiveCfg = Debug|x86
		{FE6874E9-603E-4C07-B0A0-DE6960D29D45}.Debug|x86.Build.0 = Debug|x86
		{FE6874E9-603E-4C07-B0A0-DE6960D29D45}.DVD-5|Any CPU.ActiveCfg = Debug|x86
		{FE6874E9-603E-4C07-B0A0-DE6960D29D45}.DVD-5|Mixed Platforms.ActiveCfg = Debug|x86
		{FE6874E9-603E-4C07-B0A0-DE6960D29D45}.DVD-5|Mixed Platforms.Build.0 = Debug|x86
		{FE6874E9-603E-4C07-B0A0-DE6960D29D45}.DVD-5|x86.ActiveCfg = Debug|x86
		{FE6874E9-603E-4C07-B0A0-DE6960D29D45}.DVD-5|x86.Build.0 = Debug|x86
		{FE6874E9-603E-4C07-B0A0-DE6960D29D45}.Release|Any CPU.ActiveCfg = Release|x86
		{FE6874E9-603E-4C07-B0A0-DE6960D29D45}.Release|Mixed Platforms.ActiveCfg = Release|x86
		{FE6874E9-603E-4C07-B0A0-DE6960D29D45}.Release|Mixed Platforms.Build.0 = Release|x86
		{FE6874E9-603E-4C07-B0A0-DE6960D29D45}.Release|x86.ActiveCfg = Release|x86
		{FE6874E9-603E-4C07-B0A0-DE6960D29D45}.Release|x86.Build.0 = Release|x86
		{FE6874E9-603E-4C07-B0A0-DE6960D29D45}.SingleImage|Any CPU.ActiveCfg = Release|x86
		{FE6874E9-603E-4C07-B0A0-DE6960D29D45}.SingleImage|Mixed Platforms.ActiveCfg = Release|x86
		{FE6874E9-603E-4C07-B0A0-DE6960D29D45}.SingleImage|Mixed Platforms.Build.0 = Release|x86
		{FE6874E9-603E-4C07-B0A0-DE6960D29D45}.SingleImage|x86.ActiveCfg = Release|x86
		{FE6874E9-603E-4C07-B0A0-DE6960D29D45}.SingleImage|x86.Build.0 = Release|x86
		{D50BB72C-B3C6-4D19-999D-252DCA9470B9}.CD_ROM|Any CPU.ActiveCfg = Release|Any CPU
		{D50BB72C-B3C6-4D19-999D-252DCA9470B9}.CD_ROM|Any CPU.Build.0 = Release|Any CPU
		{D50BB72C-B3C6-4D19-999D-252DCA9470B9}.CD_ROM|Mixed Platforms.ActiveCfg = Release|Any CPU
		{D50BB72C-B3C6-4D19-999D-252DCA9470B9}.CD_ROM|Mixed Platforms.Build.0 = Release|Any CPU
		{D50BB72C-B3C6-4D19-999D-252DCA9470B9}.CD_ROM|x86.ActiveCfg = Release|Any CPU
		{D50BB72C-B3C6-4D19-999D-252DCA9470B9}.Debug|Any CPU.ActiveCfg = Debug|Any CPU
		{D50BB72C-B3C6-4D19-999D-252DCA9470B9}.Debug|Any CPU.Build.0 = Debug|Any CPU
		{D50BB72C-B3C6-4D19-999D-252DCA9470B9}.Debug|Mixed Platforms.ActiveCfg = Debug|Any CPU
		{D50BB72C-B3C6-4D19-999D-252DCA9470B9}.Debug|Mixed Platforms.Build.0 = Debug|Any CPU
		{D50BB72C-B3C6-4D19-999D-252DCA9470B9}.Debug|x86.ActiveCfg = Debug|Any CPU
		{D50BB72C-B3C6-4D19-999D-252DCA9470B9}.DVD-5|Any CPU.ActiveCfg = Debug|Any CPU
		{D50BB72C-B3C6-4D19-999D-252DCA9470B9}.DVD-5|Any CPU.Build.0 = Debug|Any CPU
		{D50BB72C-B3C6-4D19-999D-252DCA9470B9}.DVD-5|Mixed Platforms.ActiveCfg = Debug|Any CPU
		{D50BB72C-B3C6-4D19-999D-252DCA9470B9}.DVD-5|Mixed Platforms.Build.0 = Debug|Any CPU
		{D50BB72C-B3C6-4D19-999D-252DCA9470B9}.DVD-5|x86.ActiveCfg = Debug|Any CPU
		{D50BB72C-B3C6-4D19-999D-252DCA9470B9}.Release|Any CPU.ActiveCfg = Release|Any CPU
		{D50BB72C-B3C6-4D19-999D-252DCA9470B9}.Release|Any CPU.Build.0 = Release|Any CPU
		{D50BB72C-B3C6-4D19-999D-252DCA9470B9}.Release|Mixed Platforms.ActiveCfg = Release|Any CPU
		{D50BB72C-B3C6-4D19-999D-252DCA9470B9}.Release|Mixed Platforms.Build.0 = Release|Any CPU
		{D50BB72C-B3C6-4D19-999D-252DCA9470B9}.Release|x86.ActiveCfg = Release|Any CPU
		{D50BB72C-B3C6-4D19-999D-252DCA9470B9}.SingleImage|Any CPU.ActiveCfg = Release|Any CPU
		{D50BB72C-B3C6-4D19-999D-252DCA9470B9}.SingleImage|Any CPU.Build.0 = Release|Any CPU
		{D50BB72C-B3C6-4D19-999D-252DCA9470B9}.SingleImage|Mixed Platforms.ActiveCfg = Release|Any CPU
		{D50BB72C-B3C6-4D19-999D-252DCA9470B9}.SingleImage|Mixed Platforms.Build.0 = Release|Any CPU
		{D50BB72C-B3C6-4D19-999D-252DCA9470B9}.SingleImage|x86.ActiveCfg = Release|Any CPU
		{8E07A261-90F5-468D-A338-9310925FFA18}.CD_ROM|Any CPU.ActiveCfg = Release|Any CPU
		{8E07A261-90F5-468D-A338-9310925FFA18}.CD_ROM|Any CPU.Build.0 = Release|Any CPU
		{8E07A261-90F5-468D-A338-9310925FFA18}.CD_ROM|Mixed Platforms.ActiveCfg = Release|Any CPU
		{8E07A261-90F5-468D-A338-9310925FFA18}.CD_ROM|Mixed Platforms.Build.0 = Release|Any CPU
		{8E07A261-90F5-468D-A338-9310925FFA18}.CD_ROM|x86.ActiveCfg = Release|Any CPU
		{8E07A261-90F5-468D-A338-9310925FFA18}.Debug|Any CPU.ActiveCfg = Debug|Any CPU
		{8E07A261-90F5-468D-A338-9310925FFA18}.Debug|Any CPU.Build.0 = Debug|Any CPU
		{8E07A261-90F5-468D-A338-9310925FFA18}.Debug|Mixed Platforms.ActiveCfg = Debug|Any CPU
		{8E07A261-90F5-468D-A338-9310925FFA18}.Debug|Mixed Platforms.Build.0 = Debug|Any CPU
		{8E07A261-90F5-468D-A338-9310925FFA18}.Debug|x86.ActiveCfg = Debug|Any CPU
		{8E07A261-90F5-468D-A338-9310925FFA18}.DVD-5|Any CPU.ActiveCfg = Debug|Any CPU
		{8E07A261-90F5-468D-A338-9310925FFA18}.DVD-5|Any CPU.Build.0 = Debug|Any CPU
		{8E07A261-90F5-468D-A338-9310925FFA18}.DVD-5|Mixed Platforms.ActiveCfg = Debug|Any CPU
		{8E07A261-90F5-468D-A338-9310925FFA18}.DVD-5|Mixed Platforms.Build.0 = Debug|Any CPU
		{8E07A261-90F5-468D-A338-9310925FFA18}.DVD-5|x86.ActiveCfg = Debug|Any CPU
		{8E07A261-90F5-468D-A338-9310925FFA18}.Release|Any CPU.ActiveCfg = Release|Any CPU
		{8E07A261-90F5-468D-A338-9310925FFA18}.Release|Any CPU.Build.0 = Release|Any CPU
		{8E07A261-90F5-468D-A338-9310925FFA18}.Release|Mixed Platforms.ActiveCfg = Release|Any CPU
		{8E07A261-90F5-468D-A338-9310925FFA18}.Release|Mixed Platforms.Build.0 = Release|Any CPU
		{8E07A261-90F5-468D-A338-9310925FFA18}.Release|x86.ActiveCfg = Release|Any CPU
		{8E07A261-90F5-468D-A338-9310925FFA18}.SingleImage|Any CPU.ActiveCfg = Release|Any CPU
		{8E07A261-90F5-468D-A338-9310925FFA18}.SingleImage|Any CPU.Build.0 = Release|Any CPU
		{8E07A261-90F5-468D-A338-9310925FFA18}.SingleImage|Mixed Platforms.ActiveCfg = Release|Any CPU
		{8E07A261-90F5-468D-A338-9310925FFA18}.SingleImage|Mixed Platforms.Build.0 = Release|Any CPU
		{8E07A261-90F5-468D-A338-9310925FFA18}.SingleImage|x86.ActiveCfg = Release|Any CPU
		{4034669B-89A4-4E5D-BD00-59B7D1C4D232}.CD_ROM|Any CPU.ActiveCfg = Release|x86
		{4034669B-89A4-4E5D-BD00-59B7D1C4D232}.CD_ROM|Mixed Platforms.ActiveCfg = Release|x86
		{4034669B-89A4-4E5D-BD00-59B7D1C4D232}.CD_ROM|Mixed Platforms.Build.0 = Release|x86
		{4034669B-89A4-4E5D-BD00-59B7D1C4D232}.CD_ROM|x86.ActiveCfg = Release|x86
		{4034669B-89A4-4E5D-BD00-59B7D1C4D232}.CD_ROM|x86.Build.0 = Release|x86
		{4034669B-89A4-4E5D-BD00-59B7D1C4D232}.Debug|Any CPU.ActiveCfg = Debug|x86
		{4034669B-89A4-4E5D-BD00-59B7D1C4D232}.Debug|Mixed Platforms.ActiveCfg = Debug|x86
		{4034669B-89A4-4E5D-BD00-59B7D1C4D232}.Debug|Mixed Platforms.Build.0 = Debug|x86
		{4034669B-89A4-4E5D-BD00-59B7D1C4D232}.Debug|x86.ActiveCfg = Debug|x86
		{4034669B-89A4-4E5D-BD00-59B7D1C4D232}.Debug|x86.Build.0 = Debug|x86
		{4034669B-89A4-4E5D-BD00-59B7D1C4D232}.DVD-5|Any CPU.ActiveCfg = Debug|x86
		{4034669B-89A4-4E5D-BD00-59B7D1C4D232}.DVD-5|Mixed Platforms.ActiveCfg = Debug|x86
		{4034669B-89A4-4E5D-BD00-59B7D1C4D232}.DVD-5|Mixed Platforms.Build.0 = Debug|x86
		{4034669B-89A4-4E5D-BD00-59B7D1C4D232}.DVD-5|x86.ActiveCfg = Debug|x86
		{4034669B-89A4-4E5D-BD00-59B7D1C4D232}.DVD-5|x86.Build.0 = Debug|x86
		{4034669B-89A4-4E5D-BD00-59B7D1C4D232}.Release|Any CPU.ActiveCfg = Release|x86
		{4034669B-89A4-4E5D-BD00-59B7D1C4D232}.Release|Mixed Platforms.ActiveCfg = Release|x86
		{4034669B-89A4-4E5D-BD00-59B7D1C4D232}.Release|Mixed Platforms.Build.0 = Release|x86
		{4034669B-89A4-4E5D-BD00-59B7D1C4D232}.Release|x86.ActiveCfg = Release|x86
		{4034669B-89A4-4E5D-BD00-59B7D1C4D232}.Release|x86.Build.0 = Release|x86
		{4034669B-89A4-4E5D-BD00-59B7D1C4D232}.SingleImage|Any CPU.ActiveCfg = Release|x86
		{4034669B-89A4-4E5D-BD00-59B7D1C4D232}.SingleImage|Mixed Platforms.ActiveCfg = Release|x86
		{4034669B-89A4-4E5D-BD00-59B7D1C4D232}.SingleImage|Mixed Platforms.Build.0 = Release|x86
		{4034669B-89A4-4E5D-BD00-59B7D1C4D232}.SingleImage|x86.ActiveCfg = Release|x86
		{4034669B-89A4-4E5D-BD00-59B7D1C4D232}.SingleImage|x86.Build.0 = Release|x86
		{F8896AFB-6140-4B3F-8351-8B1DB234E904}.CD_ROM|Any CPU.ActiveCfg = Release|Any CPU
		{F8896AFB-6140-4B3F-8351-8B1DB234E904}.CD_ROM|Any CPU.Build.0 = Release|Any CPU
		{F8896AFB-6140-4B3F-8351-8B1DB234E904}.CD_ROM|Mixed Platforms.ActiveCfg = Release|Any CPU
		{F8896AFB-6140-4B3F-8351-8B1DB234E904}.CD_ROM|Mixed Platforms.Build.0 = Release|Any CPU
		{F8896AFB-6140-4B3F-8351-8B1DB234E904}.CD_ROM|x86.ActiveCfg = Release|Any CPU
		{F8896AFB-6140-4B3F-8351-8B1DB234E904}.Debug|Any CPU.ActiveCfg = Debug|Any CPU
		{F8896AFB-6140-4B3F-8351-8B1DB234E904}.Debug|Any CPU.Build.0 = Debug|Any CPU
		{F8896AFB-6140-4B3F-8351-8B1DB234E904}.Debug|Mixed Platforms.ActiveCfg = Debug|Any CPU
		{F8896AFB-6140-4B3F-8351-8B1DB234E904}.Debug|Mixed Platforms.Build.0 = Debug|Any CPU
		{F8896AFB-6140-4B3F-8351-8B1DB234E904}.Debug|x86.ActiveCfg = Debug|Any CPU
		{F8896AFB-6140-4B3F-8351-8B1DB234E904}.DVD-5|Any CPU.ActiveCfg = Debug|Any CPU
		{F8896AFB-6140-4B3F-8351-8B1DB234E904}.DVD-5|Any CPU.Build.0 = Debug|Any CPU
		{F8896AFB-6140-4B3F-8351-8B1DB234E904}.DVD-5|Mixed Platforms.ActiveCfg = Debug|Any CPU
		{F8896AFB-6140-4B3F-8351-8B1DB234E904}.DVD-5|Mixed Platforms.Build.0 = Debug|Any CPU
		{F8896AFB-6140-4B3F-8351-8B1DB234E904}.DVD-5|x86.ActiveCfg = Debug|Any CPU
		{F8896AFB-6140-4B3F-8351-8B1DB234E904}.Release|Any CPU.ActiveCfg = Release|Any CPU
		{F8896AFB-6140-4B3F-8351-8B1DB234E904}.Release|Any CPU.Build.0 = Release|Any CPU
		{F8896AFB-6140-4B3F-8351-8B1DB234E904}.Release|Mixed Platforms.ActiveCfg = Release|Any CPU
		{F8896AFB-6140-4B3F-8351-8B1DB234E904}.Release|Mixed Platforms.Build.0 = Release|Any CPU
		{F8896AFB-6140-4B3F-8351-8B1DB234E904}.Release|x86.ActiveCfg = Release|Any CPU
		{F8896AFB-6140-4B3F-8351-8B1DB234E904}.SingleImage|Any CPU.ActiveCfg = Release|Any CPU
		{F8896AFB-6140-4B3F-8351-8B1DB234E904}.SingleImage|Any CPU.Build.0 = Release|Any CPU
		{F8896AFB-6140-4B3F-8351-8B1DB234E904}.SingleImage|Mixed Platforms.ActiveCfg = Release|Any CPU
		{F8896AFB-6140-4B3F-8351-8B1DB234E904}.SingleImage|Mixed Platforms.Build.0 = Release|Any CPU
		{F8896AFB-6140-4B3F-8351-8B1DB234E904}.SingleImage|x86.ActiveCfg = Release|Any CPU
		{E0783F01-3D81-4967-8F6E-CA1BD29DEF3A}.CD_ROM|Any CPU.ActiveCfg = CD_ROM
		{E0783F01-3D81-4967-8F6E-CA1BD29DEF3A}.CD_ROM|Any CPU.Build.0 = CD_ROM
		{E0783F01-3D81-4967-8F6E-CA1BD29DEF3A}.CD_ROM|Mixed Platforms.ActiveCfg = CD_ROM
		{E0783F01-3D81-4967-8F6E-CA1BD29DEF3A}.CD_ROM|Mixed Platforms.Build.0 = CD_ROM
		{E0783F01-3D81-4967-8F6E-CA1BD29DEF3A}.CD_ROM|x86.ActiveCfg = CD_ROM
		{E0783F01-3D81-4967-8F6E-CA1BD29DEF3A}.CD_ROM|x86.Build.0 = CD_ROM
		{E0783F01-3D81-4967-8F6E-CA1BD29DEF3A}.Debug|Any CPU.ActiveCfg = DVD-5
		{E0783F01-3D81-4967-8F6E-CA1BD29DEF3A}.Debug|Any CPU.Build.0 = DVD-5
		{E0783F01-3D81-4967-8F6E-CA1BD29DEF3A}.Debug|Mixed Platforms.ActiveCfg = DVD-5
		{E0783F01-3D81-4967-8F6E-CA1BD29DEF3A}.Debug|Mixed Platforms.Build.0 = DVD-5
		{E0783F01-3D81-4967-8F6E-CA1BD29DEF3A}.Debug|x86.ActiveCfg = DVD-5
		{E0783F01-3D81-4967-8F6E-CA1BD29DEF3A}.Debug|x86.Build.0 = DVD-5
		{E0783F01-3D81-4967-8F6E-CA1BD29DEF3A}.DVD-5|Any CPU.ActiveCfg = DVD-5
		{E0783F01-3D81-4967-8F6E-CA1BD29DEF3A}.DVD-5|Any CPU.Build.0 = DVD-5
		{E0783F01-3D81-4967-8F6E-CA1BD29DEF3A}.DVD-5|Mixed Platforms.ActiveCfg = DVD-5
		{E0783F01-3D81-4967-8F6E-CA1BD29DEF3A}.DVD-5|Mixed Platforms.Build.0 = DVD-5
		{E0783F01-3D81-4967-8F6E-CA1BD29DEF3A}.DVD-5|x86.ActiveCfg = DVD-5
		{E0783F01-3D81-4967-8F6E-CA1BD29DEF3A}.DVD-5|x86.Build.0 = DVD-5
		{E0783F01-3D81-4967-8F6E-CA1BD29DEF3A}.Release|Any CPU.ActiveCfg = SingleImage
		{E0783F01-3D81-4967-8F6E-CA1BD29DEF3A}.Release|Any CPU.Build.0 = SingleImage
		{E0783F01-3D81-4967-8F6E-CA1BD29DEF3A}.Release|Mixed Platforms.ActiveCfg = SingleImage
		{E0783F01-3D81-4967-8F6E-CA1BD29DEF3A}.Release|Mixed Platforms.Build.0 = SingleImage
		{E0783F01-3D81-4967-8F6E-CA1BD29DEF3A}.Release|x86.ActiveCfg = SingleImage
		{E0783F01-3D81-4967-8F6E-CA1BD29DEF3A}.Release|x86.Build.0 = SingleImage
		{E0783F01-3D81-4967-8F6E-CA1BD29DEF3A}.SingleImage|Any CPU.ActiveCfg = SingleImage
		{E0783F01-3D81-4967-8F6E-CA1BD29DEF3A}.SingleImage|Any CPU.Build.0 = SingleImage
		{E0783F01-3D81-4967-8F6E-CA1BD29DEF3A}.SingleImage|Mixed Platforms.ActiveCfg = SingleImage
		{E0783F01-3D81-4967-8F6E-CA1BD29DEF3A}.SingleImage|Mixed Platforms.Build.0 = SingleImage
		{E0783F01-3D81-4967-8F6E-CA1BD29DEF3A}.SingleImage|x86.ActiveCfg = SingleImage
		{E0783F01-3D81-4967-8F6E-CA1BD29DEF3A}.SingleImage|x86.Build.0 = SingleImage
		{8312F73A-15CA-4689-A6F9-948F424D8EA7}.CD_ROM|Any CPU.ActiveCfg = CD_ROM
		{8312F73A-15CA-4689-A6F9-948F424D8EA7}.CD_ROM|Any CPU.Build.0 = CD_ROM
		{8312F73A-15CA-4689-A6F9-948F424D8EA7}.CD_ROM|Mixed Platforms.ActiveCfg = CD_ROM
		{8312F73A-15CA-4689-A6F9-948F424D8EA7}.CD_ROM|Mixed Platforms.Build.0 = CD_ROM
		{8312F73A-15CA-4689-A6F9-948F424D8EA7}.CD_ROM|x86.ActiveCfg = CD_ROM
		{8312F73A-15CA-4689-A6F9-948F424D8EA7}.CD_ROM|x86.Build.0 = CD_ROM
		{8312F73A-15CA-4689-A6F9-948F424D8EA7}.Debug|Any CPU.ActiveCfg = DVD-5
		{8312F73A-15CA-4689-A6F9-948F424D8EA7}.Debug|Any CPU.Build.0 = DVD-5
		{8312F73A-15CA-4689-A6F9-948F424D8EA7}.Debug|Mixed Platforms.ActiveCfg = DVD-5
		{8312F73A-15CA-4689-A6F9-948F424D8EA7}.Debug|Mixed Platforms.Build.0 = DVD-5
		{8312F73A-15CA-4689-A6F9-948F424D8EA7}.Debug|x86.ActiveCfg = DVD-5
		{8312F73A-15CA-4689-A6F9-948F424D8EA7}.Debug|x86.Build.0 = DVD-5
		{8312F73A-15CA-4689-A6F9-948F424D8EA7}.DVD-5|Any CPU.ActiveCfg = DVD-5
		{8312F73A-15CA-4689-A6F9-948F424D8EA7}.DVD-5|Any CPU.Build.0 = DVD-5
		{8312F73A-15CA-4689-A6F9-948F424D8EA7}.DVD-5|Mixed Platforms.ActiveCfg = DVD-5
		{8312F73A-15CA-4689-A6F9-948F424D8EA7}.DVD-5|Mixed Platforms.Build.0 = DVD-5
		{8312F73A-15CA-4689-A6F9-948F424D8EA7}.DVD-5|x86.ActiveCfg = DVD-5
		{8312F73A-15CA-4689-A6F9-948F424D8EA7}.DVD-5|x86.Build.0 = DVD-5
		{8312F73A-15CA-4689-A6F9-948F424D8EA7}.Release|Any CPU.ActiveCfg = SingleImage
		{8312F73A-15CA-4689-A6F9-948F424D8EA7}.Release|Any CPU.Build.0 = SingleImage
		{8312F73A-15CA-4689-A6F9-948F424D8EA7}.Release|Mixed Platforms.ActiveCfg = SingleImage
		{8312F73A-15CA-4689-A6F9-948F424D8EA7}.Release|Mixed Platforms.Build.0 = SingleImage
		{8312F73A-15CA-4689-A6F9-948F424D8EA7}.Release|x86.ActiveCfg = SingleImage
		{8312F73A-15CA-4689-A6F9-948F424D8EA7}.Release|x86.Build.0 = SingleImage
		{8312F73A-15CA-4689-A6F9-948F424D8EA7}.SingleImage|Any CPU.ActiveCfg = SingleImage
		{8312F73A-15CA-4689-A6F9-948F424D8EA7}.SingleImage|Any CPU.Build.0 = SingleImage
		{8312F73A-15CA-4689-A6F9-948F424D8EA7}.SingleImage|Mixed Platforms.ActiveCfg = SingleImage
		{8312F73A-15CA-4689-A6F9-948F424D8EA7}.SingleImage|Mixed Platforms.Build.0 = SingleImage
		{8312F73A-15CA-4689-A6F9-948F424D8EA7}.SingleImage|x86.ActiveCfg = SingleImage
		{8312F73A-15CA-4689-A6F9-948F424D8EA7}.SingleImage|x86.Build.0 = SingleImage
		{0C13CC93-429D-4E8E-A1F3-23A6F23EA28D}.CD_ROM|Any CPU.ActiveCfg = Release|Any CPU
		{0C13CC93-429D-4E8E-A1F3-23A6F23EA28D}.CD_ROM|Any CPU.Build.0 = Release|Any CPU
		{0C13CC93-429D-4E8E-A1F3-23A6F23EA28D}.CD_ROM|Mixed Platforms.ActiveCfg = Release|Any CPU
		{0C13CC93-429D-4E8E-A1F3-23A6F23EA28D}.CD_ROM|Mixed Platforms.Build.0 = Release|Any CPU
		{0C13CC93-429D-4E8E-A1F3-23A6F23EA28D}.CD_ROM|x86.ActiveCfg = Release|Any CPU
		{0C13CC93-429D-4E8E-A1F3-23A6F23EA28D}.Debug|Any CPU.ActiveCfg = Debug|Any CPU
		{0C13CC93-429D-4E8E-A1F3-23A6F23EA28D}.Debug|Any CPU.Build.0 = Debug|Any CPU
		{0C13CC93-429D-4E8E-A1F3-23A6F23EA28D}.Debug|Mixed Platforms.ActiveCfg = Debug|Any CPU
		{0C13CC93-429D-4E8E-A1F3-23A6F23EA28D}.Debug|Mixed Platforms.Build.0 = Debug|Any CPU
		{0C13CC93-429D-4E8E-A1F3-23A6F23EA28D}.Debug|x86.ActiveCfg = Debug|Any CPU
		{0C13CC93-429D-4E8E-A1F3-23A6F23EA28D}.DVD-5|Any CPU.ActiveCfg = Debug|Any CPU
		{0C13CC93-429D-4E8E-A1F3-23A6F23EA28D}.DVD-5|Any CPU.Build.0 = Debug|Any CPU
		{0C13CC93-429D-4E8E-A1F3-23A6F23EA28D}.DVD-5|Mixed Platforms.ActiveCfg = Debug|Any CPU
		{0C13CC93-429D-4E8E-A1F3-23A6F23EA28D}.DVD-5|Mixed Platforms.Build.0 = Debug|Any CPU
		{0C13CC93-429D-4E8E-A1F3-23A6F23EA28D}.DVD-5|x86.ActiveCfg = Debug|Any CPU
		{0C13CC93-429D-4E8E-A1F3-23A6F23EA28D}.Release|Any CPU.ActiveCfg = Release|Any CPU
		{0C13CC93-429D-4E8E-A1F3-23A6F23EA28D}.Release|Any CPU.Build.0 = Release|Any CPU
		{0C13CC93-429D-4E8E-A1F3-23A6F23EA28D}.Release|Mixed Platforms.ActiveCfg = Release|Any CPU
		{0C13CC93-429D-4E8E-A1F3-23A6F23EA28D}.Release|Mixed Platforms.Build.0 = Release|Any CPU
		{0C13CC93-429D-4E8E-A1F3-23A6F23EA28D}.Release|x86.ActiveCfg = Release|Any CPU
		{0C13CC93-429D-4E8E-A1F3-23A6F23EA28D}.SingleImage|Any CPU.ActiveCfg = Release|Any CPU
		{0C13CC93-429D-4E8E-A1F3-23A6F23EA28D}.SingleImage|Any CPU.Build.0 = Release|Any CPU
		{0C13CC93-429D-4E8E-A1F3-23A6F23EA28D}.SingleImage|Mixed Platforms.ActiveCfg = Release|Any CPU
		{0C13CC93-429D-4E8E-A1F3-23A6F23EA28D}.SingleImage|Mixed Platforms.Build.0 = Release|Any CPU
		{0C13CC93-429D-4E8E-A1F3-23A6F23EA28D}.SingleImage|x86.ActiveCfg = Release|Any CPU
		{38D31B4C-3C82-4825-8073-60703A054DA7}.CD_ROM|Any CPU.ActiveCfg = Release|Any CPU
		{38D31B4C-3C82-4825-8073-60703A054DA7}.CD_ROM|Any CPU.Build.0 = Release|Any CPU
		{38D31B4C-3C82-4825-8073-60703A054DA7}.CD_ROM|Mixed Platforms.ActiveCfg = Release|Any CPU
		{38D31B4C-3C82-4825-8073-60703A054DA7}.CD_ROM|Mixed Platforms.Build.0 = Release|Any CPU
		{38D31B4C-3C82-4825-8073-60703A054DA7}.CD_ROM|x86.ActiveCfg = Release|Any CPU
		{38D31B4C-3C82-4825-8073-60703A054DA7}.Debug|Any CPU.ActiveCfg = Debug|Any CPU
		{38D31B4C-3C82-4825-8073-60703A054DA7}.Debug|Any CPU.Build.0 = Debug|Any CPU
		{38D31B4C-3C82-4825-8073-60703A054DA7}.Debug|Mixed Platforms.ActiveCfg = Debug|Any CPU
		{38D31B4C-3C82-4825-8073-60703A054DA7}.Debug|Mixed Platforms.Build.0 = Debug|Any CPU
		{38D31B4C-3C82-4825-8073-60703A054DA7}.Debug|x86.ActiveCfg = Debug|Any CPU
		{38D31B4C-3C82-4825-8073-60703A054DA7}.DVD-5|Any CPU.ActiveCfg = Debug|Any CPU
		{38D31B4C-3C82-4825-8073-60703A054DA7}.DVD-5|Any CPU.Build.0 = Debug|Any CPU
		{38D31B4C-3C82-4825-8073-60703A054DA7}.DVD-5|Mixed Platforms.ActiveCfg = Debug|Any CPU
		{38D31B4C-3C82-4825-8073-60703A054DA7}.DVD-5|Mixed Platforms.Build.0 = Debug|Any CPU
		{38D31B4C-3C82-4825-8073-60703A054DA7}.DVD-5|x86.ActiveCfg = Debug|Any CPU
		{38D31B4C-3C82-4825-8073-60703A054DA7}.Release|Any CPU.ActiveCfg = Release|Any CPU
		{38D31B4C-3C82-4825-8073-60703A054DA7}.Release|Any CPU.Build.0 = Release|Any CPU
		{38D31B4C-3C82-4825-8073-60703A054DA7}.Release|Mixed Platforms.ActiveCfg = Release|Any CPU
		{38D31B4C-3C82-4825-8073-60703A054DA7}.Release|Mixed Platforms.Build.0 = Release|Any CPU
		{38D31B4C-3C82-4825-8073-60703A054DA7}.Release|x86.ActiveCfg = Release|Any CPU
		{38D31B4C-3C82-4825-8073-60703A054DA7}.SingleImage|Any CPU.ActiveCfg = Release|Any CPU
		{38D31B4C-3C82-4825-8073-60703A054DA7}.SingleImage|Any CPU.Build.0 = Release|Any CPU
		{38D31B4C-3C82-4825-8073-60703A054DA7}.SingleImage|Mixed Platforms.ActiveCfg = Release|Any CPU
		{38D31B4C-3C82-4825-8073-60703A054DA7}.SingleImage|Mixed Platforms.Build.0 = Release|Any CPU
		{38D31B4C-3C82-4825-8073-60703A054DA7}.SingleImage|x86.ActiveCfg = Release|Any CPU
		{3B056EB7-73B0-4593-84CD-16BB1F4973E1}.CD_ROM|Any CPU.ActiveCfg = Release|Any CPU
		{3B056EB7-73B0-4593-84CD-16BB1F4973E1}.CD_ROM|Any CPU.Build.0 = Release|Any CPU
		{3B056EB7-73B0-4593-84CD-16BB1F4973E1}.CD_ROM|Mixed Platforms.ActiveCfg = Release|Any CPU
		{3B056EB7-73B0-4593-84CD-16BB1F4973E1}.CD_ROM|Mixed Platforms.Build.0 = Release|Any CPU
		{3B056EB7-73B0-4593-84CD-16BB1F4973E1}.CD_ROM|x86.ActiveCfg = Release|Any CPU
		{3B056EB7-73B0-4593-84CD-16BB1F4973E1}.Debug|Any CPU.ActiveCfg = Debug|Any CPU
		{3B056EB7-73B0-4593-84CD-16BB1F4973E1}.Debug|Any CPU.Build.0 = Debug|Any CPU
		{3B056EB7-73B0-4593-84CD-16BB1F4973E1}.Debug|Mixed Platforms.ActiveCfg = Debug|Any CPU
		{3B056EB7-73B0-4593-84CD-16BB1F4973E1}.Debug|Mixed Platforms.Build.0 = Debug|Any CPU
		{3B056EB7-73B0-4593-84CD-16BB1F4973E1}.Debug|x86.ActiveCfg = Debug|Any CPU
		{3B056EB7-73B0-4593-84CD-16BB1F4973E1}.DVD-5|Any CPU.ActiveCfg = Debug|Any CPU
		{3B056EB7-73B0-4593-84CD-16BB1F4973E1}.DVD-5|Any CPU.Build.0 = Debug|Any CPU
		{3B056EB7-73B0-4593-84CD-16BB1F4973E1}.DVD-5|Mixed Platforms.ActiveCfg = Debug|Any CPU
		{3B056EB7-73B0-4593-84CD-16BB1F4973E1}.DVD-5|Mixed Platforms.Build.0 = Debug|Any CPU
		{3B056EB7-73B0-4593-84CD-16BB1F4973E1}.DVD-5|x86.ActiveCfg = Debug|Any CPU
		{3B056EB7-73B0-4593-84CD-16BB1F4973E1}.Release|Any CPU.ActiveCfg = Release|Any CPU
		{3B056EB7-73B0-4593-84CD-16BB1F4973E1}.Release|Any CPU.Build.0 = Release|Any CPU
		{3B056EB7-73B0-4593-84CD-16BB1F4973E1}.Release|Mixed Platforms.ActiveCfg = Release|Any CPU
		{3B056EB7-73B0-4593-84CD-16BB1F4973E1}.Release|Mixed Platforms.Build.0 = Release|Any CPU
		{3B056EB7-73B0-4593-84CD-16BB1F4973E1}.Release|x86.ActiveCfg = Release|Any CPU
		{3B056EB7-73B0-4593-84CD-16BB1F4973E1}.SingleImage|Any CPU.ActiveCfg = Release|Any CPU
		{3B056EB7-73B0-4593-84CD-16BB1F4973E1}.SingleImage|Any CPU.Build.0 = Release|Any CPU
		{3B056EB7-73B0-4593-84CD-16BB1F4973E1}.SingleImage|Mixed Platforms.ActiveCfg = Release|Any CPU
		{3B056EB7-73B0-4593-84CD-16BB1F4973E1}.SingleImage|Mixed Platforms.Build.0 = Release|Any CPU
		{3B056EB7-73B0-4593-84CD-16BB1F4973E1}.SingleImage|x86.ActiveCfg = Release|Any CPU
		{CE1D50A0-9567-4F7B-A6A2-29041B8EA0B1}.CD_ROM|Any CPU.ActiveCfg = Release|Any CPU
		{CE1D50A0-9567-4F7B-A6A2-29041B8EA0B1}.CD_ROM|Any CPU.Build.0 = Release|Any CPU
		{CE1D50A0-9567-4F7B-A6A2-29041B8EA0B1}.CD_ROM|Mixed Platforms.ActiveCfg = Release|Any CPU
		{CE1D50A0-9567-4F7B-A6A2-29041B8EA0B1}.CD_ROM|Mixed Platforms.Build.0 = Release|Any CPU
		{CE1D50A0-9567-4F7B-A6A2-29041B8EA0B1}.CD_ROM|x86.ActiveCfg = Release|Any CPU
		{CE1D50A0-9567-4F7B-A6A2-29041B8EA0B1}.Debug|Any CPU.ActiveCfg = Debug|Any CPU
		{CE1D50A0-9567-4F7B-A6A2-29041B8EA0B1}.Debug|Any CPU.Build.0 = Debug|Any CPU
		{CE1D50A0-9567-4F7B-A6A2-29041B8EA0B1}.Debug|Mixed Platforms.ActiveCfg = Debug|Any CPU
		{CE1D50A0-9567-4F7B-A6A2-29041B8EA0B1}.Debug|Mixed Platforms.Build.0 = Debug|Any CPU
		{CE1D50A0-9567-4F7B-A6A2-29041B8EA0B1}.Debug|x86.ActiveCfg = Debug|Any CPU
		{CE1D50A0-9567-4F7B-A6A2-29041B8EA0B1}.DVD-5|Any CPU.ActiveCfg = Debug|Any CPU
		{CE1D50A0-9567-4F7B-A6A2-29041B8EA0B1}.DVD-5|Any CPU.Build.0 = Debug|Any CPU
		{CE1D50A0-9567-4F7B-A6A2-29041B8EA0B1}.DVD-5|Mixed Platforms.ActiveCfg = Debug|Any CPU
		{CE1D50A0-9567-4F7B-A6A2-29041B8EA0B1}.DVD-5|Mixed Platforms.Build.0 = Debug|Any CPU
		{CE1D50A0-9567-4F7B-A6A2-29041B8EA0B1}.DVD-5|x86.ActiveCfg = Debug|Any CPU
		{CE1D50A0-9567-4F7B-A6A2-29041B8EA0B1}.Release|Any CPU.ActiveCfg = Release|Any CPU
		{CE1D50A0-9567-4F7B-A6A2-29041B8EA0B1}.Release|Any CPU.Build.0 = Release|Any CPU
		{CE1D50A0-9567-4F7B-A6A2-29041B8EA0B1}.Release|Mixed Platforms.ActiveCfg = Release|Any CPU
		{CE1D50A0-9567-4F7B-A6A2-29041B8EA0B1}.Release|Mixed Platforms.Build.0 = Release|Any CPU
		{CE1D50A0-9567-4F7B-A6A2-29041B8EA0B1}.Release|x86.ActiveCfg = Release|Any CPU
		{CE1D50A0-9567-4F7B-A6A2-29041B8EA0B1}.SingleImage|Any CPU.ActiveCfg = Release|Any CPU
		{CE1D50A0-9567-4F7B-A6A2-29041B8EA0B1}.SingleImage|Any CPU.Build.0 = Release|Any CPU
		{CE1D50A0-9567-4F7B-A6A2-29041B8EA0B1}.SingleImage|Mixed Platforms.ActiveCfg = Release|Any CPU
		{CE1D50A0-9567-4F7B-A6A2-29041B8EA0B1}.SingleImage|Mixed Platforms.Build.0 = Release|Any CPU
		{CE1D50A0-9567-4F7B-A6A2-29041B8EA0B1}.SingleImage|x86.ActiveCfg = Release|Any CPU
		{34ECA8DC-9F1E-4BF2-9446-041BAFC9C878}.CD_ROM|Any CPU.ActiveCfg = Release|Any CPU
		{34ECA8DC-9F1E-4BF2-9446-041BAFC9C878}.CD_ROM|Any CPU.Build.0 = Release|Any CPU
		{34ECA8DC-9F1E-4BF2-9446-041BAFC9C878}.CD_ROM|Mixed Platforms.ActiveCfg = Release|Any CPU
		{34ECA8DC-9F1E-4BF2-9446-041BAFC9C878}.CD_ROM|Mixed Platforms.Build.0 = Release|Any CPU
		{34ECA8DC-9F1E-4BF2-9446-041BAFC9C878}.CD_ROM|x86.ActiveCfg = Release|Any CPU
		{34ECA8DC-9F1E-4BF2-9446-041BAFC9C878}.Debug|Any CPU.ActiveCfg = Debug|Any CPU
		{34ECA8DC-9F1E-4BF2-9446-041BAFC9C878}.Debug|Any CPU.Build.0 = Debug|Any CPU
		{34ECA8DC-9F1E-4BF2-9446-041BAFC9C878}.Debug|Mixed Platforms.ActiveCfg = Debug|Any CPU
		{34ECA8DC-9F1E-4BF2-9446-041BAFC9C878}.Debug|Mixed Platforms.Build.0 = Debug|Any CPU
		{34ECA8DC-9F1E-4BF2-9446-041BAFC9C878}.Debug|x86.ActiveCfg = Debug|Any CPU
		{34ECA8DC-9F1E-4BF2-9446-041BAFC9C878}.DVD-5|Any CPU.ActiveCfg = Debug|Any CPU
		{34ECA8DC-9F1E-4BF2-9446-041BAFC9C878}.DVD-5|Any CPU.Build.0 = Debug|Any CPU
		{34ECA8DC-9F1E-4BF2-9446-041BAFC9C878}.DVD-5|Mixed Platforms.ActiveCfg = Debug|Any CPU
		{34ECA8DC-9F1E-4BF2-9446-041BAFC9C878}.DVD-5|Mixed Platforms.Build.0 = Debug|Any CPU
		{34ECA8DC-9F1E-4BF2-9446-041BAFC9C878}.DVD-5|x86.ActiveCfg = Debug|Any CPU
		{34ECA8DC-9F1E-4BF2-9446-041BAFC9C878}.Release|Any CPU.ActiveCfg = Release|Any CPU
		{34ECA8DC-9F1E-4BF2-9446-041BAFC9C878}.Release|Any CPU.Build.0 = Release|Any CPU
		{34ECA8DC-9F1E-4BF2-9446-041BAFC9C878}.Release|Mixed Platforms.ActiveCfg = Release|Any CPU
		{34ECA8DC-9F1E-4BF2-9446-041BAFC9C878}.Release|Mixed Platforms.Build.0 = Release|Any CPU
		{34ECA8DC-9F1E-4BF2-9446-041BAFC9C878}.Release|x86.ActiveCfg = Release|Any CPU
		{34ECA8DC-9F1E-4BF2-9446-041BAFC9C878}.SingleImage|Any CPU.ActiveCfg = Release|Any CPU
		{34ECA8DC-9F1E-4BF2-9446-041BAFC9C878}.SingleImage|Any CPU.Build.0 = Release|Any CPU
		{34ECA8DC-9F1E-4BF2-9446-041BAFC9C878}.SingleImage|Mixed Platforms.ActiveCfg = Release|Any CPU
		{34ECA8DC-9F1E-4BF2-9446-041BAFC9C878}.SingleImage|Mixed Platforms.Build.0 = Release|Any CPU
		{34ECA8DC-9F1E-4BF2-9446-041BAFC9C878}.SingleImage|x86.ActiveCfg = Release|Any CPU
		{F255C183-CAF3-4F50-8355-891E19333691}.CD_ROM|Any CPU.ActiveCfg = CD_ROM
		{F255C183-CAF3-4F50-8355-891E19333691}.CD_ROM|Any CPU.Build.0 = CD_ROM
		{F255C183-CAF3-4F50-8355-891E19333691}.CD_ROM|Mixed Platforms.ActiveCfg = CD_ROM
		{F255C183-CAF3-4F50-8355-891E19333691}.CD_ROM|Mixed Platforms.Build.0 = CD_ROM
		{F255C183-CAF3-4F50-8355-891E19333691}.CD_ROM|x86.ActiveCfg = CD_ROM
		{F255C183-CAF3-4F50-8355-891E19333691}.CD_ROM|x86.Build.0 = CD_ROM
		{F255C183-CAF3-4F50-8355-891E19333691}.Debug|Any CPU.ActiveCfg = DVD-5
		{F255C183-CAF3-4F50-8355-891E19333691}.Debug|Any CPU.Build.0 = DVD-5
		{F255C183-CAF3-4F50-8355-891E19333691}.Debug|Mixed Platforms.ActiveCfg = DVD-5
		{F255C183-CAF3-4F50-8355-891E19333691}.Debug|Mixed Platforms.Build.0 = DVD-5
		{F255C183-CAF3-4F50-8355-891E19333691}.Debug|x86.ActiveCfg = DVD-5
		{F255C183-CAF3-4F50-8355-891E19333691}.Debug|x86.Build.0 = DVD-5
		{F255C183-CAF3-4F50-8355-891E19333691}.DVD-5|Any CPU.ActiveCfg = DVD-5
		{F255C183-CAF3-4F50-8355-891E19333691}.DVD-5|Any CPU.Build.0 = DVD-5
		{F255C183-CAF3-4F50-8355-891E19333691}.DVD-5|Mixed Platforms.ActiveCfg = DVD-5
		{F255C183-CAF3-4F50-8355-891E19333691}.DVD-5|Mixed Platforms.Build.0 = DVD-5
		{F255C183-CAF3-4F50-8355-891E19333691}.DVD-5|x86.ActiveCfg = DVD-5
		{F255C183-CAF3-4F50-8355-891E19333691}.DVD-5|x86.Build.0 = DVD-5
		{F255C183-CAF3-4F50-8355-891E19333691}.Release|Any CPU.ActiveCfg = SingleImage
		{F255C183-CAF3-4F50-8355-891E19333691}.Release|Any CPU.Build.0 = SingleImage
		{F255C183-CAF3-4F50-8355-891E19333691}.Release|Mixed Platforms.ActiveCfg = SingleImage
		{F255C183-CAF3-4F50-8355-891E19333691}.Release|Mixed Platforms.Build.0 = SingleImage
		{F255C183-CAF3-4F50-8355-891E19333691}.Release|x86.ActiveCfg = SingleImage
		{F255C183-CAF3-4F50-8355-891E19333691}.Release|x86.Build.0 = SingleImage
		{F255C183-CAF3-4F50-8355-891E19333691}.SingleImage|Any CPU.ActiveCfg = SingleImage
		{F255C183-CAF3-4F50-8355-891E19333691}.SingleImage|Any CPU.Build.0 = SingleImage
		{F255C183-CAF3-4F50-8355-891E19333691}.SingleImage|Mixed Platforms.ActiveCfg = SingleImage
		{F255C183-CAF3-4F50-8355-891E19333691}.SingleImage|Mixed Platforms.Build.0 = SingleImage
		{F255C183-CAF3-4F50-8355-891E19333691}.SingleImage|x86.ActiveCfg = SingleImage
		{F255C183-CAF3-4F50-8355-891E19333691}.SingleImage|x86.Build.0 = SingleImage
		{676FB8DF-6C51-466C-9E61-84CD8A4A4FE7}.CD_ROM|Any CPU.ActiveCfg = CD_ROM
		{676FB8DF-6C51-466C-9E61-84CD8A4A4FE7}.CD_ROM|Any CPU.Build.0 = CD_ROM
		{676FB8DF-6C51-466C-9E61-84CD8A4A4FE7}.CD_ROM|Mixed Platforms.ActiveCfg = CD_ROM
		{676FB8DF-6C51-466C-9E61-84CD8A4A4FE7}.CD_ROM|Mixed Platforms.Build.0 = CD_ROM
		{676FB8DF-6C51-466C-9E61-84CD8A4A4FE7}.CD_ROM|x86.ActiveCfg = CD_ROM
		{676FB8DF-6C51-466C-9E61-84CD8A4A4FE7}.CD_ROM|x86.Build.0 = CD_ROM
		{676FB8DF-6C51-466C-9E61-84CD8A4A4FE7}.Debug|Any CPU.ActiveCfg = DVD-5
		{676FB8DF-6C51-466C-9E61-84CD8A4A4FE7}.Debug|Any CPU.Build.0 = DVD-5
		{676FB8DF-6C51-466C-9E61-84CD8A4A4FE7}.Debug|Mixed Platforms.ActiveCfg = DVD-5
		{676FB8DF-6C51-466C-9E61-84CD8A4A4FE7}.Debug|Mixed Platforms.Build.0 = DVD-5
		{676FB8DF-6C51-466C-9E61-84CD8A4A4FE7}.Debug|x86.ActiveCfg = DVD-5
		{676FB8DF-6C51-466C-9E61-84CD8A4A4FE7}.Debug|x86.Build.0 = DVD-5
		{676FB8DF-6C51-466C-9E61-84CD8A4A4FE7}.DVD-5|Any CPU.ActiveCfg = DVD-5
		{676FB8DF-6C51-466C-9E61-84CD8A4A4FE7}.DVD-5|Any CPU.Build.0 = DVD-5
		{676FB8DF-6C51-466C-9E61-84CD8A4A4FE7}.DVD-5|Mixed Platforms.ActiveCfg = DVD-5
		{676FB8DF-6C51-466C-9E61-84CD8A4A4FE7}.DVD-5|Mixed Platforms.Build.0 = DVD-5
		{676FB8DF-6C51-466C-9E61-84CD8A4A4FE7}.DVD-5|x86.ActiveCfg = DVD-5
		{676FB8DF-6C51-466C-9E61-84CD8A4A4FE7}.DVD-5|x86.Build.0 = DVD-5
		{676FB8DF-6C51-466C-9E61-84CD8A4A4FE7}.Release|Any CPU.ActiveCfg = SingleImage
		{676FB8DF-6C51-466C-9E61-84CD8A4A4FE7}.Release|Any CPU.Build.0 = SingleImage
		{676FB8DF-6C51-466C-9E61-84CD8A4A4FE7}.Release|Mixed Platforms.ActiveCfg = SingleImage
		{676FB8DF-6C51-466C-9E61-84CD8A4A4FE7}.Release|Mixed Platforms.Build.0 = SingleImage
		{676FB8DF-6C51-466C-9E61-84CD8A4A4FE7}.Release|x86.ActiveCfg = SingleImage
		{676FB8DF-6C51-466C-9E61-84CD8A4A4FE7}.Release|x86.Build.0 = SingleImage
		{676FB8DF-6C51-466C-9E61-84CD8A4A4FE7}.SingleImage|Any CPU.ActiveCfg = SingleImage
		{676FB8DF-6C51-466C-9E61-84CD8A4A4FE7}.SingleImage|Any CPU.Build.0 = SingleImage
		{676FB8DF-6C51-466C-9E61-84CD8A4A4FE7}.SingleImage|Mixed Platforms.ActiveCfg = SingleImage
		{676FB8DF-6C51-466C-9E61-84CD8A4A4FE7}.SingleImage|Mixed Platforms.Build.0 = SingleImage
		{676FB8DF-6C51-466C-9E61-84CD8A4A4FE7}.SingleImage|x86.ActiveCfg = SingleImage
		{676FB8DF-6C51-466C-9E61-84CD8A4A4FE7}.SingleImage|x86.Build.0 = SingleImage
		{DF9DDFC2-EE83-4EAF-A18B-511BC38C1997}.CD_ROM|Any CPU.ActiveCfg = Release|Any CPU
		{DF9DDFC2-EE83-4EAF-A18B-511BC38C1997}.CD_ROM|Any CPU.Build.0 = Release|Any CPU
		{DF9DDFC2-EE83-4EAF-A18B-511BC38C1997}.CD_ROM|Mixed Platforms.ActiveCfg = Release|Any CPU
		{DF9DDFC2-EE83-4EAF-A18B-511BC38C1997}.CD_ROM|Mixed Platforms.Build.0 = Release|Any CPU
		{DF9DDFC2-EE83-4EAF-A18B-511BC38C1997}.CD_ROM|x86.ActiveCfg = Release|Any CPU
		{DF9DDFC2-EE83-4EAF-A18B-511BC38C1997}.Debug|Any CPU.ActiveCfg = Debug|Any CPU
		{DF9DDFC2-EE83-4EAF-A18B-511BC38C1997}.Debug|Any CPU.Build.0 = Debug|Any CPU
		{DF9DDFC2-EE83-4EAF-A18B-511BC38C1997}.Debug|Mixed Platforms.ActiveCfg = Debug|Any CPU
		{DF9DDFC2-EE83-4EAF-A18B-511BC38C1997}.Debug|Mixed Platforms.Build.0 = Debug|Any CPU
		{DF9DDFC2-EE83-4EAF-A18B-511BC38C1997}.Debug|x86.ActiveCfg = Debug|Any CPU
		{DF9DDFC2-EE83-4EAF-A18B-511BC38C1997}.DVD-5|Any CPU.ActiveCfg = Debug|Any CPU
		{DF9DDFC2-EE83-4EAF-A18B-511BC38C1997}.DVD-5|Any CPU.Build.0 = Debug|Any CPU
		{DF9DDFC2-EE83-4EAF-A18B-511BC38C1997}.DVD-5|Mixed Platforms.ActiveCfg = Debug|Any CPU
		{DF9DDFC2-EE83-4EAF-A18B-511BC38C1997}.DVD-5|Mixed Platforms.Build.0 = Debug|Any CPU
		{DF9DDFC2-EE83-4EAF-A18B-511BC38C1997}.DVD-5|x86.ActiveCfg = Debug|Any CPU
		{DF9DDFC2-EE83-4EAF-A18B-511BC38C1997}.Release|Any CPU.ActiveCfg = Release|Any CPU
		{DF9DDFC2-EE83-4EAF-A18B-511BC38C1997}.Release|Any CPU.Build.0 = Release|Any CPU
		{DF9DDFC2-EE83-4EAF-A18B-511BC38C1997}.Release|Mixed Platforms.ActiveCfg = Release|Any CPU
		{DF9DDFC2-EE83-4EAF-A18B-511BC38C1997}.Release|Mixed Platforms.Build.0 = Release|Any CPU
		{DF9DDFC2-EE83-4EAF-A18B-511BC38C1997}.Release|x86.ActiveCfg = Release|Any CPU
		{DF9DDFC2-EE83-4EAF-A18B-511BC38C1997}.SingleImage|Any CPU.ActiveCfg = Release|Any CPU
		{DF9DDFC2-EE83-4EAF-A18B-511BC38C1997}.SingleImage|Any CPU.Build.0 = Release|Any CPU
		{DF9DDFC2-EE83-4EAF-A18B-511BC38C1997}.SingleImage|Mixed Platforms.ActiveCfg = Release|Any CPU
		{DF9DDFC2-EE83-4EAF-A18B-511BC38C1997}.SingleImage|Mixed Platforms.Build.0 = Release|Any CPU
		{DF9DDFC2-EE83-4EAF-A18B-511BC38C1997}.SingleImage|x86.ActiveCfg = Release|Any CPU
	EndGlobalSection
	GlobalSection(SolutionProperties) = preSolution
		HideSolutionNode = FALSE
	EndGlobalSection
EndGlobal
